
Microsoft Visual Studio Solution File, Format Version 12.00
# Visual Studio Version 18
VisualStudioVersion = 18.3.11512.155 d18.3
MinimumVisualStudioVersion = 10.0.40219.1
Project("{FAE04EC0-301F-11D3-BF4B-00C04F79EFBC}") = "SpawnMonsterCommand", "SpawnMonsterCommand.csproj", "{095D902A-9E75-45DE-B13C-849B9E9BA86E}"
EndProject
Project("{FAE04EC0-301F-11D3-BF4B-00C04F79EFBC}") = "SpawnMonsterCommand_Bootstrap", "..\..\bootstrap\src\SpawnMonsterCommand_Bootstrap.csproj", "{E1CA9E84-8DA5-7F8D-FB5D-44B15C303BF7}"
EndProject
Project("{2150E333-8FDC-42A3-9474-1A3956D46DE8}") = "Solution Items", "Solution Items", "{A7EEA8D2-1807-44CC-A80F-B5AF42662CBC}"
	ProjectSection(SolutionItems) = preProject
		..\..\bootstrap\version-info.json = ..\..\bootstrap\version-info.json
	EndProjectSection
EndProject
Global
	GlobalSection(SolutionConfigurationPlatforms) = preSolution
		Debug|Any CPU = Debug|Any CPU
		Release|Any CPU = Release|Any CPU
	EndGlobalSection
	GlobalSection(ProjectConfigurationPlatforms) = postSolution
		{095D902A-9E75-45DE-B13C-849B9E9BA86E}.Debug|Any CPU.ActiveCfg = Debug|Any CPU
		{095D902A-9E75-45DE-B13C-849B9E9BA86E}.Debug|Any CPU.Build.0 = Debug|Any CPU
		{095D902A-9E75-45DE-B13C-849B9E9BA86E}.Release|Any CPU.ActiveCfg = Release|Any CPU
		{095D902A-9E75-45DE-B13C-849B9E9BA86E}.Release|Any CPU.Build.0 = Release|Any CPU
		{E1CA9E84-8DA5-7F8D-FB5D-44B15C303BF7}.Debug|Any CPU.ActiveCfg = Debug|Any CPU
		{E1CA9E84-8DA5-7F8D-FB5D-44B15C303BF7}.Debug|Any CPU.Build.0 = Debug|Any CPU
		{E1CA9E84-8DA5-7F8D-FB5D-44B15C303BF7}.Release|Any CPU.ActiveCfg = Release|Any CPU
		{E1CA9E84-8DA5-7F8D-FB5D-44B15C303BF7}.Release|Any CPU.Build.0 = Release|Any CPU
	EndGlobalSection
	GlobalSection(SolutionProperties) = preSolution
		HideSolutionNode = FALSE
	EndGlobalSection
	GlobalSection(ExtensibilityGlobals) = postSolution
		SolutionGuid = {CA775EB8-F25E-4F74-B35B-603C7C80AEFF}
	EndGlobalSection
EndGlobal
